PODS:
  - LookinServer (1.0.2)
  - SnapKit (5.0.1)

DEPENDENCIES:
  - LookinServer
  - SnapKit

SPEC REPOS:
  trunk:
    - LookinServer
    - SnapKit

SPEC CHECKSUMS:
  LookinServer: d6874df8b58096c8d463817b6baaa3abc21d31f7
  SnapKit: 97b92857e3df3a0c71833cce143274bf6ef8e5eb

PODFILE CHECKSUM: d77fa003c30d8cc3e8b3e2aefed9e30fb6dd4811

COCOAPODS: 1.11.3
